Microsoft Visual Studio Solution File, Format Version 11.00
# Visual Studio 2008

Project("{D2E53E21-9166-FEAF-306B-E7C999925436}") = "StereoCameraProj", "Assembly-CSharp.csproj", "{C4D38598-ED99-B9D6-7965-7F3EC75B3D13}"
EndProject
Project("{D2E53E21-9166-FEAF-306B-E7C999925436}") = "StereoCameraProj", "Assembly-CSharp-Editor.csproj", "{91225CE7-8FA1-565D-F57C-A78B7C43819D}"
EndProject
Project("{D2E53E21-9166-FEAF-306B-E7C999925436}") = "StereoCameraProj", "Assembly-UnityScript-Editor-firstpass.unityproj", "{B6C7A71C-6E6D-B71F-5C27-20EB55474CF0}"
EndProject
Global
	GlobalSection(SolutionConfigurationPlatforms) = preSolution
		Debug|Any CPU = Debug|Any CPU
		Release|Any CPU = Release|Any CPU
	EndGlobalSection
	GlobalSection(ProjectConfigurationPlatforms) = postSolution
		{C4D38598-ED99-B9D6-7965-7F3EC75B3D13}.Debug|Any CPU.ActiveCfg = Debug|Any CPU
		{C4D38598-ED99-B9D6-7965-7F3EC75B3D13}.Debug|Any CPU.Build.0 = Debug|Any CPU
		{C4D38598-ED99-B9D6-7965-7F3EC75B3D13}.Release|Any CPU.ActiveCfg = Release|Any CPU
		{C4D38598-ED99-B9D6-7965-7F3EC75B3D13}.Release|Any CPU.Build.0 = Release|Any CPU
		{91225CE7-8FA1-565D-F57C-A78B7C43819D}.Debug|Any CPU.ActiveCfg = Debug|Any CPU
		{91225CE7-8FA1-565D-F57C-A78B7C43819D}.Debug|Any CPU.Build.0 = Debug|Any CPU
		{91225CE7-8FA1-565D-F57C-A78B7C43819D}.Release|Any CPU.ActiveCfg = Release|Any CPU
		{91225CE7-8FA1-565D-F57C-A78B7C43819D}.Release|Any CPU.Build.0 = Release|Any CPU
		{B6C7A71C-6E6D-B71F-5C27-20EB55474CF0}.Debug|Any CPU.ActiveCfg = Debug|Any CPU
		{B6C7A71C-6E6D-B71F-5C27-20EB55474CF0}.Debug|Any CPU.Build.0 = Debug|Any CPU
		{B6C7A71C-6E6D-B71F-5C27-20EB55474CF0}.Release|Any CPU.ActiveCfg = Release|Any CPU
		{B6C7A71C-6E6D-B71F-5C27-20EB55474CF0}.Release|Any CPU.Build.0 = Release|Any CPU
	EndGlobalSection
	GlobalSection(SolutionProperties) = preSolution
		HideSolutionNode = FALSE
	EndGlobalSection
	GlobalSection(MonoDevelopProperties) = preSolution
		StartupItem = Assembly-CSharp.csproj
	EndGlobalSection
EndGlobal
